# THIS IS AN AUTOGENERATED FILE. DO NOT EDIT THIS FILE DIRECTLY.
# yarn lockfile v1


uniapp-echarts@^1.0.2:
  version "1.0.2"
  resolved "https://registry.yarnpkg.com/uniapp-echarts/-/uniapp-echarts-1.0.2.tgz#f9f2c25d7ed965e6f7688b17d88abb84b9a41a8d"
  integrity sha512-z8b32orT0xslOTnT4JrfPZDdTkrFBmdfycPAux1DhCyvhjdgtSxhmVmxqFh0/bWzH+cuuVgAFLoxeDe+M8p8ag==
